
Microsoft Visual Studio Solution File, Format Version 12.00
# Visual Studio 15
VisualStudioVersion = 15.0.28307.572
MinimumVisualStudioVersion = 10.0.40219.1
Project("{9A19103F-16F7-4668-BE54-9A1E7A4F7556}") = "LuckyDex.Api", "LuckyDex.Api\LuckyDex.Api.csproj", "{18350DA3-BFE9-4148-9617-EB6AFE1C3B63}"
EndProject
Project("{9A19103F-16F7-4668-BE54-9A1E7A4F7556}") = "LuckyDex.Front", "LuckyDex.Front\LuckyDex.Front.csproj", "{319D22AA-96AA-4E2B-9E41-2B219592C55D}"
EndProject
Global
	GlobalSection(SolutionConfigurationPlatforms) = preSolution
		Debug|Any CPU = Debug|Any CPU
		Release|Any CPU = Release|Any CPU
	EndGlobalSection
	GlobalSection(ProjectConfigurationPlatforms) = postSolution
		{18350DA3-BFE9-4148-9617-EB6AFE1C3B63}.Debug|Any CPU.ActiveCfg = Debug|Any CPU
		{18350DA3-BFE9-4148-9617-EB6AFE1C3B63}.Debug|Any CPU.Build.0 = Debug|Any CPU
		{18350DA3-BFE9-4148-9617-EB6AFE1C3B63}.Release|Any CPU.ActiveCfg = Release|Any CPU
		{18350DA3-BFE9-4148-9617-EB6AFE1C3B63}.Release|Any CPU.Build.0 = Release|Any CPU
		{319D22AA-96AA-4E2B-9E41-2B219592C55D}.Debug|Any CPU.ActiveCfg = Debug|Any CPU
		{319D22AA-96AA-4E2B-9E41-2B219592C55D}.Debug|Any CPU.Build.0 = Debug|Any CPU
		{319D22AA-96AA-4E2B-9E41-2B219592C55D}.Release|Any CPU.ActiveCfg = Release|Any CPU
		{319D22AA-96AA-4E2B-9E41-2B219592C55D}.Release|Any CPU.Build.0 = Release|Any CPU
	EndGlobalSection
	GlobalSection(SolutionProperties) = preSolution
		HideSolutionNode = FALSE
	EndGlobalSection
	GlobalSection(ExtensibilityGlobals) = postSolution
		SolutionGuid = {0E58C87B-582F-4462-8B5E-C9834CEECB4F}
	EndGlobalSection
EndGlobal
